// !$*UTF8*$!
{
	archiveVersion = 1;
	classes = {
	};
	objectVersion = 50;
	objects = {

/* Begin PBXBuildFile section */
		44D5A53F21EE933700D51B48 /* AppDelegate.swift in Sources */ = {isa = PBXBuildFile; fileRef = 44D5A53E21EE933700D51B48 /* AppDelegate.swift */; };
		44D5A54121EE933700D51B48 /* ViewController.swift in Sources */ = {isa = PBXBuildFile; fileRef = 44D5A54021EE933700D51B48 /* ViewController.swift */; };
		44D5A54421EE933700D51B48 /* Main.storyboard in Resources */ = {isa = PBXBuildFile; fileRef = 44D5A54221EE933700D51B48 /* Main.storyboard */; };
		44D5A54621EE933900D51B48 /* Assets.xcassets in Resources */ = {isa = PBXBuildFile; fileRef = 44D5A54521EE933900D51B48 /* Assets.xcassets */; };
		44D5A54921EE933900D51B48 /* LaunchScreen.storyboard in Resources */ = {isa = PBXBuildFile; fileRef = 44D5A54721EE933900D51B48 /* LaunchScreen.storyboard */; };
		44D5A55421EE933A00D51B48 /* PocketWardrobeTests.swift in Sources */ = {isa = PBXBuildFile; fileRef = 44D5A55321EE933A00D51B48 /* PocketWardrobeTests.swift */; };
/* End PBXBuildFile section */

/* Begin PBXContainerItemProxy section */
		44D5A55021EE933A00D51B48 /* PBXContainerItemProxy */ = {
			isa = PBXContainerItemProxy;
			containerPortal = 44D5A53321EE933700D51B48 /* Project object */;
			proxyType = 1;
			remoteGlobalIDString = 44D5A53A21EE933700D51B48;
			remoteInfo = PocketWardrobe;
		};
/* End PBXContainerItemProxy section */

/* Begin PBXFileReference section */
		44D5A53B21EE933700D51B48 /* PocketWardrobe.app */ = {isa = PBXFileReference; explicitFileType = wrapper.application; includeInIndex = 0; path = PocketWardrobe.app; sourceTree = BUILT_PRODUCTS_DIR; };
		44D5A53E21EE933700D51B48 /* AppDelegate.swift */ = {isa = PBXFileReference; lastKnownFileType = sourcecode.swift; path = AppDelegate.swift; sourceTree = "<group>"; };
		44D5A54021EE933700D51B48 /* ViewController.swift */ = {isa = PBXFileReference; lastKnownFileType = sourcecode.swift; path = ViewController.swift; sourceTree = "<group>"; };
		44D5A54321EE933700D51B48 /* Base */ = {isa = PBXFileReference; lastKnownFileType = file.storyboard; name = Base; path = Base.lproj/Main.storyboard; sourceTree = "<group>"; };
		44D5A54521EE933900D51B48 /* Assets.xcassets */ = {isa = PBXFileReference; lastKnownFileType = folder.assetcatalog; path = Assets.xcassets; sourceTree = "<group>"; };
		44D5A54821EE933900D51B48 /* Base */ = {isa = PBXFileReference; lastKnownFileType = file.storyboard; name = Base; path = Base.lproj/LaunchScreen.storyboard; sourceTree = "<group>"; };
		44D5A54A21EE933900D51B48 /* Info.plist */ = {isa = PBXFileReference; lastKnownFileType = text.plist.xml; path = Info.plist; sourceTree = "<group>"; };
		44D5A54F21EE933A00D51B48 /* PocketWardrobeTests.xctest */ = {isa = PBXFileReference; explicitFileType = wrapper.cfbundle; includeInIndex = 0; path = PocketWardrobeTests.xctest; sourceTree = BUILT_PRODUCTS_DIR; };
		44D5A55321EE933A00D51B48 /* PocketWardrobeTests.swift */ = {isa = PBXFileReference; lastKnownFileType = sourcecode.swift; path = PocketWardrobeTests.swift; sourceTree = "<group>"; };
		44D5A55521EE933A00D51B48 /* Info.plist */ = {isa = PBXFileReference; lastKnownFileType = text.plist.xml; path = Info.plist; sourceTree = "<group>"; };
/* End PBXFileReference section */

/* Begin PBXFrameworksBuildPhase section */
		44D5A53821EE933700D51B48 /* Frameworks */ = {
			isa = PBXFrameworksBuildPhase;
			buildActionMask = 2147483647;
			files = (
			);
			runOnlyForDeploymentPostprocessing = 0;
		};
		44D5A54C21EE933A00D51B48 /* Frameworks */ = {
			isa = PBXFrameworksBuildPhase;
			buildActionMask = 2147483647;
			files = (
			);
			runOnlyForDeploymentPostprocessing = 0;
		};
/* End PBXFrameworksBuildPhase section */

/* Begin PBXGroup section */
		44D5A53221EE933700D51B48 = {
			isa = PBXGroup;
			children = (
				44D5A53D21EE933700D51B48 /* PocketWardrobe */,
				44D5A55221EE933A00D51B48 /* PocketWardrobeTests */,
				44D5A53C21EE933700D51B48 /* Products */,
			);
			sourceTree = "<group>";
		};
		44D5A53C21EE933700D51B48 /* Products */ = {
			isa = PBXGroup;
			children = (
				44D5A53B21EE933700D51B48 /* PocketWardrobe.app */,
				44D5A54F21EE933A00D51B48 /* PocketWardrobeTests.xctest */,
			);
			name = Products;
			sourceTree = "<group>";
		};
		44D5A53D21EE933700D51B48 /* PocketWardrobe */ = {
			isa = PBXGroup;
			children = (
				44D5A53E21EE933700D51B48 /* AppDelegate.swift */,
				44D5A54021EE933700D51B48 /* ViewController.swift */,
				44D5A54221EE933700D51B48 /* Main.storyboard */,
				44D5A54521EE933900D51B48 /* Assets.xcassets */,
				44D5A54721EE933900D51B48 /* LaunchScreen.storyboard */,
				44D5A54A21EE933900D51B48 /* Info.plist */,
			);
			path = PocketWardrobe;
			sourceTree = "<group>";
		};
		44D5A55221EE933A00D51B48 /* PocketWardrobeTests */ = {
			isa = PBXGroup;
			children = (
				44D5A55321EE933A00D51B48 /* PocketWardrobeTests.swift */,
				44D5A55521EE933A00D51B48 /* Info.plist */,
			);
			path = PocketWardrobeTests;
			sourceTree = "<group>";
		};
/* End PBXGroup section */

/* Begin PBXNativeTarget section */
		44D5A53A21EE933700D51B48 /* PocketWardrobe */ = {
			isa = PBXNativeTarget;
			buildConfigurationList = 44D5A55821EE933A00D51B48 /* Build configuration list for PBXNativeTarget "PocketWardrobe" */;
			buildPhases = (
				44D5A53721EE933700D51B48 /* Sources */,
				44D5A53821EE933700D51B48 /* Frameworks */,
				44D5A53921EE933700D51B48 /* Resources */,
			);
			buildRules = (
			);
			dependencies = (
			);
			name = PocketWardrobe;
			productName = PocketWardrobe;
			productReference = 44D5A53B21EE933700D51B48 /* PocketWardrobe.app */;
			productType = "com.apple.product-type.application";
		};
		44D5A54E21EE933A00D51B48 /* PocketWardrobeTests */ = {
			isa = PBXNativeTarget;
			buildConfigurationList = 44D5A55B21EE933A00D51B48 /* Build configuration list for PBXNativeTarget "PocketWardrobeTests" */;
			buildPhases = (
				44D5A54B21EE933A00D51B48 /* Sources */,
				44D5A54C21EE933A00D51B48 /* Frameworks */,
				44D5A54D21EE933A00D51B48 /* Resources */,
			);
			buildRules = (
			);
			dependencies = (
				44D5A55121EE933A00D51B48 /* PBXTargetDependency */,
			);
			name = PocketWardrobeTests;
			productName = PocketWardrobeTests;
			productReference = 44D5A54F21EE933A00D51B48 /* PocketWardrobeTests.xctest */;
			productType = "com.apple.product-type.bundle.unit-test";
		};
/* End PBXNativeTarget section */

/* Begin PBXProject section */
		44D5A53321EE933700D51B48 /* Project object */ = {
			isa = PBXProject;
			attributes = {
				LastSwiftUpdateCheck = 1010;
				LastUpgradeCheck = 1010;
				ORGANIZATIONNAME = "Jane Lee";
				TargetAttributes = {
					44D5A53A21EE933700D51B48 = {
						CreatedOnToolsVersion = 10.1;
					};
					44D5A54E21EE933A00D51B48 = {
						CreatedOnToolsVersion = 10.1;
						TestTargetID = 44D5A53A21EE933700D51B48;
					};
				};
			};
			buildConfigurationList = 44D5A53621EE933700D51B48 /* Build configuration list for PBXProject "PocketWardrobe" */;
			compatibilityVersion = "Xcode 9.3";
			developmentRegion = en;
			hasScannedForEncodings = 0;
			knownRegions = (
				en,
				Base,
			);
			mainGroup = 44D5A53221EE933700D51B48;
			productRefGroup = 44D5A53C21EE933700D51B48 /* Products */;
			projectDirPath = "";
			projectRoot = "";
			targets = (
				44D5A53A21EE933700D51B48 /* PocketWardrobe */,
				44D5A54E21EE933A00D51B48 /* PocketWardrobeTests */,
			);
		};
/* End PBXProject section */

/* Begin PBXResourcesBuildPhase section */
		44D5A53921EE933700D51B48 /* Resources */ = {
			isa = PBXResourcesBuildPhase;
			buildActionMask = 2147483647;
			files = (
				44D5A54921EE933900D51B48 /* LaunchScreen.storyboard in Resources */,
				44D5A54621EE933900D51B48 /* Assets.xcassets in Resources */,
				44D5A54421EE933700D51B48 /* Main.storyboard in Resources */,
			);
			runOnlyForDeploymentPostprocessing = 0;
		};
		44D5A54D21EE933A00D51B48 /* Resources */ = {
			isa = PBXResourcesBuildPhase;
			buildActionMask = 2147483647;
			files = (
			);
			runOnlyForDeploymentPostprocessing = 0;
		};
/* End PBXResourcesBuildPhase section */

/* Begin PBXSourcesBuildPhase section */
		44D5A53721EE933700D51B48 /* Sources */ = {
			isa = PBXSourcesBuildPhase;
			buildActionMask = 2147483647;
			files = (
				44D5A54121EE933700D51B48 /* ViewController.swift in Sources */,
				44D5A53F21EE933700D51B48 /* AppDelegate.swift in Sources */,
			);
			runOnlyForDeploymentPostprocessing = 0;
		};
		44D5A54B21EE933A00D51B48 /* Sources */ = {
			isa = PBXSourcesBuildPhase;
			buildActionMask = 2147483647;
			files = (
				44D5A55421EE933A00D51B48 /* PocketWardrobeTests.swift in Sources */,
			);
			runOnlyForDeploymentPostprocessing = 0;
		};
/* End PBXSourcesBuildPhase section */

/* Begin PBXTargetDependency section */
		44D5A55121EE933A00D51B48 /* PBXTargetDependency */ = {
			isa = PBXTargetDependency;
			target = 44D5A53A21EE933700D51B48 /* PocketWardrobe */;
			targetProxy = 44D5A55021EE933A00D51B48 /* PBXContainerItemProxy */;
		};
/* End PBXTargetDependency section */

/* Begin PBXVariantGroup section */
		44D5A54221EE933700D51B48 /* Main.storyboard */ = {
			isa = PBXVariantGroup;
			children = (
				44D5A54321EE933700D51B48 /* Base */,
			);
			name = Main.storyboard;
			sourceTree = "<group>";
		};
		44D5A54721EE933900D51B48 /* LaunchScreen.storyboard */ = {
			isa = PBXVariantGroup;
			children = (
				44D5A54821EE933900D51B48 /* Base */,
			);
			name = LaunchScreen.storyboard;
			sourceTree = "<group>";
		};
/* End PBXVariantGroup section */

/* Begin XCBuildConfiguration section */
		44D5A55621EE933A00D51B48 /* Debug */ = {
			isa = XCBuildConfiguration;
			buildSettings = {
				ALWAYS_SEARCH_USER_PATHS = NO;
				CLANG_ANALYZER_NONNULL = YES;
				CLANG_ANALYZER_NUMBER_OBJECT_CONVERSION = YES_AGGRESSIVE;
				CLANG_CXX_LANGUAGE_STANDARD = "gnu++14";
				CLANG_CXX_LIBRARY = "libc++";
				CLANG_ENABLE_MODULES = YES;
				CLANG_ENABLE_OBJC_ARC = YES;
				CLANG_ENABLE_OBJC_WEAK = YES;
				CLANG_WARN_BLOCK_CAPTURE_AUTORELEASING = YES;
				CLANG_WARN_BOOL_CONVERSION = YES;
				CLANG_WARN_COMMA = YES;
				CLANG_WARN_CONSTANT_CONVERSION = YES;
				CLANG_WARN_DEPRECATED_OBJC_IMPLEMENTATIONS = YES;
				CLANG_WARN_DIRECT_OBJC_ISA_USAGE = YES_ERROR;
				CLANG_WARN_DOCUMENTATION_COMMENTS = YES;
				CLANG_WARN_EMPTY_BODY = YES;
				CLANG_WARN_ENUM_CONVERSION = YES;
				CLANG_WARN_INFINITE_RECURSION = YES;
				CLANG_WARN_INT_CONVERSION = YES;
				CLANG_WARN_NON_LITERAL_NULL_CONVERSION = YES;
				CLANG_WARN_OBJC_IMPLICIT_RETAIN_SELF = YES;
				CLANG_WARN_OBJC_LITERAL_CONVERSION = YES;
				CLANG_WARN_OBJC_ROOT_CLASS = YES_ERROR;
				CLANG_WARN_RANGE_LOOP_ANALYSIS = YES;
				CLANG_WARN_STRICT_PROTOTYPES = YES;
				CLANG_WARN_SUSPICIOUS_MOVE = YES;
				CLANG_WARN_UNGUARDED_AVAILABILITY = YES_AGGRESSIVE;
				CLANG_WARN_UNREACHABLE_CODE = YES;
				CLANG_WARN__DUPLICATE_METHOD_MATCH = YES;
				CODE_SIGN_IDENTITY = "iPhone Developer";
				COPY_PHASE_STRIP = NO;
				DEBUG_INFORMATION_FORMAT = dwarf;
				ENABLE_STRICT_OBJC_MSGSEND = YES;
				ENABLE_TESTABILITY = YES;
				GCC_C_LANGUAGE_STANDARD = gnu11;
				GCC_DYNAMIC_NO_PIC = NO;
				GCC_NO_COMMON_BLOCKS = YES;
				GCC_OPTIMIZATION_LEVEL = 0;
				GCC_PREPROCESSOR_DEFINITIONS = (
					"DEBUG=1",
					"$(inherited)",
				);
				GCC_WARN_64_TO_32_BIT_CONVERSION = YES;
				GCC_WARN_ABOUT_RETURN_TYPE = YES_ERROR;
				GCC_WARN_UNDECLARED_SELECTOR = YES;
				GCC_WARN_UNINITIALIZED_AUTOS = YES_AGGRESSIVE;
				GCC_WARN_UNUSED_FUNCTION = YES;
				GCC_WARN_UNUSED_VARIABLE = YES;
				IPHONEOS_DEPLOYMENT_TARGET = 12.1;
				MTL_ENABLE_DEBUG_INFO = INCLUDE_SOURCE;
				MTL_FAST_MATH = YES;
				ONLY_ACTIVE_ARCH = YES;
				SDKROOT = iphoneos;
				SWIFT_ACTIVE_COMPILATION_CONDITIONS = DEBUG;
				SWIFT_OPTIMIZATION_LEVEL = "-Onone";
			};
			name = Debug;
		};
		44D5A55721EE933A00D51B48 /* Release */ = {
			isa = XCBuildConfiguration;
			buildSettings = {
				ALWAYS_SEARCH_USER_PATHS = NO;
				CLANG_ANALYZER_NONNULL = YES;
				CLANG_ANALYZER_NUMBER_OBJECT_CONVERSION = YES_AGGRESSIVE;
				CLANG_CXX_LANGUAGE_STANDARD = "gnu++14";
				CLANG_CXX_LIBRARY = "libc++";
				CLANG_ENABLE_MODULES = YES;
				CLANG_ENABLE_OBJC_ARC = YES;
				CLANG_ENABLE_OBJC_WEAK = YES;
				CLANG_WARN_BLOCK_CAPTURE_AUTORELEASING = YES;
				CLANG_WARN_BOOL_CONVERSION = YES;
				CLANG_WARN_COMMA = YES;
				CLANG_WARN_CONSTANT_CONVERSION = YES;
				CLANG_WARN_DEPRECATED_OBJC_IMPLEMENTATIONS = YES;
				CLANG_WARN_DIRECT_OBJC_ISA_USAGE = YES_ERROR;
				CLANG_WARN_DOCUMENTATION_COMMENTS = YES;
				CLANG_WARN_EMPTY_BODY = YES;
				CLANG_WARN_ENUM_CONVERSION = YES;
				CLANG_WARN_INFINITE_RECURSION = YES;
				CLANG_WARN_INT_CONVERSION = YES;
				CLANG_WARN_NON_LITERAL_NULL_CONVERSION = YES;
				CLANG_WARN_OBJC_IMPLICIT_RETAIN_SELF = YES;
				CLANG_WARN_OBJC_LITERAL_CONVERSION = YES;
				CLANG_WARN_OBJC_ROOT_CLASS = YES_ERROR;
				CLANG_WARN_RANGE_LOOP_ANALYSIS = YES;
				CLANG_WARN_STRICT_PROTOTYPES = YES;
				CLANG_WARN_SUSPICIOUS_MOVE = YES;
				CLANG_WARN_UNGUARDED_AVAILABILITY = YES_AGGRESSIVE;
				CLANG_WARN_UNREACHABLE_CODE = YES;
				CLANG_WARN__DUPLICATE_METHOD_MATCH = YES;
				CODE_SIGN_IDENTITY = "iPhone Developer";
				COPY_PHASE_STRIP = NO;
				DEBUG_INFORMATION_FORMAT = "dwarf-with-dsym";
				ENABLE_NS_ASSERTIONS = NO;
				ENABLE_STRICT_OBJC_MSGSEND = YES;
				GCC_C_LANGUAGE_STANDARD = gnu11;
				GCC_NO_COMMON_BLOCKS = YES;
				GCC_WARN_64_TO_32_BIT_CONVERSION = YES;
				GCC_WARN_ABOUT_RETURN_TYPE = YES_ERROR;
				GCC_WARN_UNDECLARED_SELECTOR = YES;
				GCC_WARN_UNINITIALIZED_AUTOS = YES_AGGRESSIVE;
				GCC_WARN_UNUSED_FUNCTION = YES;
				GCC_WARN_UNUSED_VARIABLE = YES;
				IPHONEOS_DEPLOYMENT_TARGET = 12.1;
				MTL_ENABLE_DEBUG_INFO = NO;
				MTL_FAST_MATH = YES;
				SDKROOT = iphoneos;
				SWIFT_COMPILATION_MODE = wholemodule;
				SWIFT_OPTIMIZATION_LEVEL = "-O";
				VALIDATE_PRODUCT = YES;
			};
			name = Release;
		};
		44D5A55921EE933A00D51B48 /* Debug */ = {
			isa = XCBuildConfiguration;
			buildSettings = {
				ASSETCATALOG_COMPILER_APPICON_NAME = AppIcon;
				CODE_SIGN_STYLE = Automatic;
				INFOPLIST_FILE = PocketWardrobe/Info.plist;
				LD_RUNPATH_SEARCH_PATHS = (
					"$(inherited)",
					"@executable_path/Frameworks",
				);
				PRODUCT_BUNDLE_IDENTIFIER = com.example.PocketWardrobe;
				PRODUCT_NAME = "$(TARGET_NAME)";
				SWIFT_VERSION = 4.2;
				TARGETED_DEVICE_FAMILY = "1,2";
			};
			name = Debug;
		};
		44D5A55A21EE933A00D51B48 /* Release */ = {
			isa = XCBuildConfiguration;
			buildSettings = {
				ASSETCATALOG_COMPILER_APPICON_NAME = AppIcon;
				CODE_SIGN_STYLE = Automatic;
				INFOPLIST_FILE = PocketWardrobe/Info.plist;
				LD_RUNPATH_SEARCH_PATHS = (
					"$(inherited)",
					"@executable_path/Frameworks",
				);
				PRODUCT_BUNDLE_IDENTIFIER = com.example.PocketWardrobe;
				PRODUCT_NAME = "$(TARGET_NAME)";
				SWIFT_VERSION = 4.2;
				TARGETED_DEVICE_FAMILY = "1,2";
			};
			name = Release;
		};
		44D5A55C21EE933A00D51B48 /* Debug */ = {
			isa = XCBuildConfiguration;
			buildSettings = {
				ALWAYS_EMBED_SWIFT_STANDARD_LIBRARIES = YES;
				BUNDLE_LOADER = "$(TEST_HOST)";
				CODE_SIGN_STYLE = Automatic;
				INFOPLIST_FILE = PocketWardrobeTests/Info.plist;
				LD_RUNPATH_SEARCH_PATHS = (
					"$(inherited)",
					"@executable_path/Frameworks",
					"@loader_path/Frameworks",
				);
				PRODUCT_BUNDLE_IDENTIFIER = com.example.PocketWardrobeTests;
				PRODUCT_NAME = "$(TARGET_NAME)";
				SWIFT_VERSION = 4.2;
				TARGETED_DEVICE_FAMILY = "1,2";
				TEST_HOST = "$(BUILT_PRODUCTS_DIR)/PocketWardrobe.app/PocketWardrobe";
			};
			name = Debug;
		};
		44D5A55D21EE933A00D51B48 /* Release */ = {
			isa = XCBuildConfiguration;
			buildSettings = {
				ALWAYS_EMBED_SWIFT_STANDARD_LIBRARIES = YES;
				BUNDLE_LOADER = "$(TEST_HOST)";
				CODE_SIGN_STYLE = Automatic;
				INFOPLIST_FILE = PocketWardrobeTests/Info.plist;
				LD_RUNPATH_SEARCH_PATHS = (
					"$(inherited)",
					"@executable_path/Frameworks",
					"@loader_path/Frameworks",
				);
				PRODUCT_BUNDLE_IDENTIFIER = com.example.PocketWardrobeTests;
				PRODUCT_NAME = "$(TARGET_NAME)";
				SWIFT_VERSION = 4.2;
				TARGETED_DEVICE_FAMILY = "1,2";
				TEST_HOST = "$(BUILT_PRODUCTS_DIR)/PocketWardrobe.app/PocketWardrobe";
			};
			name = Release;
		};
/* End XCBuildConfiguration section */

/* Begin XCConfigurationList section */
		44D5A53621EE933700D51B48 /* Build configuration list for PBXProject "PocketWardrobe" */ = {
			isa = XCConfigurationList;
			buildConfigurations = (
				44D5A55621EE933A00D51B48 /* Debug */,
				44D5A55721EE933A00D51B48 /* Release */,
			);
			defaultConfigurationIsVisible = 0;
			defaultConfigurationName = Release;
		};
		44D5A55821EE933A00D51B48 /* Build configuration list for PBXNativeTarget "PocketWardrobe" */ = {
			isa = XCConfigurationList;
			buildConfigurations = (
				44D5A55921EE933A00D51B48 /* Debug */,
				44D5A55A21EE933A00D51B48 /* Release */,
			);
			defaultConfigurationIsVisible = 0;
			defaultConfigurationName = Release;
		};
		44D5A55B21EE933A00D51B48 /* Build configuration list for PBXNativeTarget "PocketWardrobeTests" */ = {
			isa = XCConfigurationList;
			buildConfigurations = (
				44D5A55C21EE933A00D51B48 /* Debug */,
				44D5A55D21EE933A00D51B48 /* Release */,
			);
			defaultConfigurationIsVisible = 0;
			defaultConfigurationName = Release;
		};
/* End XCConfigurationList section */
	};
	rootObject = 44D5A53321EE933700D51B48 /* Project object */;
}
